
Microsoft Visual Studio Solution File, Format Version 12.00
# Visual Studio 15
Project("{FAE04EC0-301F-11D3-BF4B-00C04F79EFBC}") = "Assembly-CSharp", "Assembly-CSharp.csproj", "{9E156EB8-48ED-0F88-A541-B590DBF43B53}"
EndProject
Project("{FAE04EC0-301F-11D3-BF4B-00C04F79EFBC}") = "Assembly-CSharp-Editor", "Assembly-CSharp-Editor.csproj", "{B0FF8535-C86C-AFD3-AFF5-DB7686356589}"
EndProject
Global
	GlobalSection(SolutionConfigurationPlatforms) = preSolution
		Debug|Any CPU = Debug|Any CPU
		Release|Any CPU = Release|Any CPU
	EndGlobalSection
	GlobalSection(ProjectConfigurationPlatforms) = postSolution
		{9E156EB8-48ED-0F88-A541-B590DBF43B53}.Debug|Any CPU.ActiveCfg = Debug|Any CPU
		{9E156EB8-48ED-0F88-A541-B590DBF43B53}.Debug|Any CPU.Build.0 = Debug|Any CPU
		{9E156EB8-48ED-0F88-A541-B590DBF43B53}.Release|Any CPU.ActiveCfg = Release|Any CPU
		{9E156EB8-48ED-0F88-A541-B590DBF43B53}.Release|Any CPU.Build.0 = Release|Any CPU
		{B0FF8535-C86C-AFD3-AFF5-DB7686356589}.Debug|Any CPU.ActiveCfg = Debug|Any CPU
		{B0FF8535-C86C-AFD3-AFF5-DB7686356589}.Debug|Any CPU.Build.0 = Debug|Any CPU
		{B0FF8535-C86C-AFD3-AFF5-DB7686356589}.Release|Any CPU.ActiveCfg = Release|Any CPU
		{B0FF8535-C86C-AFD3-AFF5-DB7686356589}.Release|Any CPU.Build.0 = Release|Any CPU
	EndGlobalSection
	GlobalSection(SolutionProperties) = preSolution
		HideSolutionNode = FALSE
	EndGlobalSection
EndGlobal
